
Microsoft Visual Studio Solution File, Format Version 12.00
# Visual Studio Version 17
VisualStudioVersion = 17.14.36221.1 d17.14
MinimumVisualStudioVersion = 10.0.40219.1
Project("{FAE04EC0-301F-11D3-BF4B-00C04F79EFBC}") = "ED-LeonardoToscano", "ED-LeonardoToscano.csproj", "{D760F90A-F8E1-4EB7-A84D-C1C440EC9F32}"
EndProject
Global
	GlobalSection(SolutionConfigurationPlatforms) = preSolution
		Debug|Any CPU = Debug|Any CPU
		Release|Any CPU = Release|Any CPU
	EndGlobalSection
	GlobalSection(ProjectConfigurationPlatforms) = postSolution
		{D760F90A-F8E1-4EB7-A84D-C1C440EC9F32}.Debug|Any CPU.ActiveCfg = Debug|Any CPU
		{D760F90A-F8E1-4EB7-A84D-C1C440EC9F32}.Debug|Any CPU.Build.0 = Debug|Any CPU
		{D760F90A-F8E1-4EB7-A84D-C1C440EC9F32}.Release|Any CPU.ActiveCfg = Release|Any CPU
		{D760F90A-F8E1-4EB7-A84D-C1C440EC9F32}.Release|Any CPU.Build.0 = Release|Any CPU
	EndGlobalSection
	GlobalSection(SolutionProperties) = preSolution
		HideSolutionNode = FALSE
	EndGlobalSection
	GlobalSection(ExtensibilityGlobals) = postSolution
		SolutionGuid = {011397EB-E6AC-4577-A8AF-609D24D1AC02}
	EndGlobalSection
EndGlobal
